
Microsoft Visual Studio Solution File, Format Version 12.00
# Visual Studio Version 16
VisualStudioVersion = 16.0.31112.23
MinimumVisualStudioVersion = 10.0.40219.1
Project("{FAE04EC0-301F-11D3-BF4B-00C04F79EFBC}") = "Splitwise", "Splitwise\Splitwise.csproj", "{A9E9C4F7-908E-4228-9B2F-A20FADE1FDD0}"
EndProject
Global
	GlobalSection(SolutionConfigurationPlatforms) = preSolution
		Debug|Any CPU = Debug|Any CPU
		Release|Any CPU = Release|Any CPU
	EndGlobalSection
	GlobalSection(ProjectConfigurationPlatforms) = postSolution
		{A9E9C4F7-908E-4228-9B2F-A20FADE1FDD0}.Debug|Any CPU.ActiveCfg = Debug|Any CPU
		{A9E9C4F7-908E-4228-9B2F-A20FADE1FDD0}.Debug|Any CPU.Build.0 = Debug|Any CPU
		{A9E9C4F7-908E-4228-9B2F-A20FADE1FDD0}.Release|Any CPU.ActiveCfg = Release|Any CPU
		{A9E9C4F7-908E-4228-9B2F-A20FADE1FDD0}.Release|Any CPU.Build.0 = Release|Any CPU
	EndGlobalSection
	GlobalSection(SolutionProperties) = preSolution
		HideSolutionNode = FALSE
	EndGlobalSection
	GlobalSection(ExtensibilityGlobals) = postSolution
		SolutionGuid = {B4BCCF1A-1148-413E-849E-C12981AF1178}
	EndGlobalSection
EndGlobal
