
Microsoft Visual Studio Solution File, Format Version 12.00
# Visual Studio Version 16
VisualStudioVersion = 16.0.30907.101
MinimumVisualStudioVersion = 10.0.40219.1
Project("{9A19103F-16F7-4668-BE54-9A1E7A4F7556}") = "RideSharing", "RideSharing\RideSharing.csproj", "{3D2746DB-0554-4FF0-B67C-7ED9E7283EC2}"
EndProject
Project("{9A19103F-16F7-4668-BE54-9A1E7A4F7556}") = "RideSharingMultiple", "RideSharingMultiple\RideSharingMultiple.csproj", "{6F5D0583-8795-4EBD-A021-1E2703735941}"
EndProject
Project("{9A19103F-16F7-4668-BE54-9A1E7A4F7556}") = "RideSharingSystem", "RideSharingSystem\RideSharingSystem.csproj", "{1280E1B8-0450-4CBB-ACED-84142EA33BCB}"
EndProject
Global
	GlobalSection(SolutionConfigurationPlatforms) = preSolution
		Debug|Any CPU = Debug|Any CPU
		Release|Any CPU = Release|Any CPU
	EndGlobalSection
	GlobalSection(ProjectConfigurationPlatforms) = postSolution
		{3D2746DB-0554-4FF0-B67C-7ED9E7283EC2}.Debug|Any CPU.ActiveCfg = Debug|Any CPU
		{3D2746DB-0554-4FF0-B67C-7ED9E7283EC2}.Debug|Any CPU.Build.0 = Debug|Any CPU
		{3D2746DB-0554-4FF0-B67C-7ED9E7283EC2}.Release|Any CPU.ActiveCfg = Release|Any CPU
		{3D2746DB-0554-4FF0-B67C-7ED9E7283EC2}.Release|Any CPU.Build.0 = Release|Any CPU
		{6F5D0583-8795-4EBD-A021-1E2703735941}.Debug|Any CPU.ActiveCfg = Debug|Any CPU
		{6F5D0583-8795-4EBD-A021-1E2703735941}.Debug|Any CPU.Build.0 = Debug|Any CPU
		{6F5D0583-8795-4EBD-A021-1E2703735941}.Release|Any CPU.ActiveCfg = Release|Any CPU
		{6F5D0583-8795-4EBD-A021-1E2703735941}.Release|Any CPU.Build.0 = Release|Any CPU
		{1280E1B8-0450-4CBB-ACED-84142EA33BCB}.Debug|Any CPU.ActiveCfg = Debug|Any CPU
		{1280E1B8-0450-4CBB-ACED-84142EA33BCB}.Debug|Any CPU.Build.0 = Debug|Any CPU
		{1280E1B8-0450-4CBB-ACED-84142EA33BCB}.Release|Any CPU.ActiveCfg = Release|Any CPU
		{1280E1B8-0450-4CBB-ACED-84142EA33BCB}.Release|Any CPU.Build.0 = Release|Any CPU
	EndGlobalSection
	GlobalSection(SolutionProperties) = preSolution
		HideSolutionNode = FALSE
	EndGlobalSection
	GlobalSection(ExtensibilityGlobals) = postSolution
		SolutionGuid = {C217D08E-EDBD-4963-BE39-FB80369FD3FA}
	EndGlobalSection
EndGlobal
